// !$*UTF8*$!
{
	archiveVersion = 1;
	classes = {
	};
	objectVersion = 46;
	objects = {

/* Begin PBXBuildFile section */
		D8237B451AAD8B5400E9AB34 /* iSangatSamagam2.m in Sources */ = {isa = PBXBuildFile; fileRef = D8237B441AAD8B5400E9AB34 /* iSangatSamagam2.m */; };
		D85B17351AB61F1E00883010 /* iSangatItemCell.xib in Resources */ = {isa = PBXBuildFile; fileRef = D85B17341AB61F1E00883010 /* iSangatItemCell.xib */; };
		D85B17381AB61F4800883010 /* iSangatItemCell.m in Sources */ = {isa = PBXBuildFile; fileRef = D85B17371AB61F4800883010 /* iSangatItemCell.m */; };
		D85B173A1AB63B1300883010 /* phone.png in Resources */ = {isa = PBXBuildFile; fileRef = D85B17391AB63B1300883010 /* phone.png */; };
		D85B173E1ABA927C00883010 /* iSangatDetailViewController.m in Sources */ = {isa = PBXBuildFile; fileRef = D85B173D1ABA927C00883010 /* iSangatDetailViewController.m */; };
		D85B17411ABC9E5D00883010 /* iSangatNotificationManager.m in Sources */ = {isa = PBXBuildFile; fileRef = D85B17401ABC9E5D00883010 /* iSangatNotificationManager.m */; };
		D873C27A19884C2A0019E176 /* Foundation.framework in Frameworks */ = {isa = PBXBuildFile; fileRef = D873C27919884C2A0019E176 /* Foundation.framework */; };
		D873C27C19884C2A0019E176 /* CoreGraphics.framework in Frameworks */ = {isa = PBXBuildFile; fileRef = D873C27B19884C2A0019E176 /* CoreGraphics.framework */; };
		D873C27E19884C2A0019E176 /* UIKit.framework in Frameworks */ = {isa = PBXBuildFile; fileRef = D873C27D19884C2A0019E176 /* UIKit.framework */; };
		D873C28419884C2A0019E176 /* InfoPlist.strings in Resources */ = {isa = PBXBuildFile; fileRef = D873C28219884C2A0019E176 /* InfoPlist.strings */; };
		D873C28619884C2A0019E176 /* main.m in Sources */ = {isa = PBXBuildFile; fileRef = D873C28519884C2A0019E176 /* main.m */; };
		D873C28A19884C2A0019E176 /* iSangatAppDelegate.m in Sources */ = {isa = PBXBuildFile; fileRef = D873C28919884C2A0019E176 /* iSangatAppDelegate.m */; };
		D873C28C19884C2A0019E176 /* Images.xcassets in Resources */ = {isa = PBXBuildFile; fileRef = D873C28B19884C2A0019E176 /* Images.xcassets */; };
		D873C29319884C2A0019E176 /* XCTest.framework in Frameworks */ = {isa = PBXBuildFile; fileRef = D873C29219884C2A0019E176 /* XCTest.framework */; };
		D873C29419884C2A0019E176 /* Foundation.framework in Frameworks */ = {isa = PBXBuildFile; fileRef = D873C27919884C2A0019E176 /* Foundation.framework */; };
		D873C29519884C2A0019E176 /* UIKit.framework in Frameworks */ = {isa = PBXBuildFile; fileRef = D873C27D19884C2A0019E176 /* UIKit.framework */; };
		D873C29D19884C2A0019E176 /* InfoPlist.strings in Resources */ = {isa = PBXBuildFile; fileRef = D873C29B19884C2A0019E176 /* InfoPlist.strings */; };
		D873C29F19884C2A0019E176 /* samagamsTests.m in Sources */ = {isa = PBXBuildFile; fileRef = D873C29E19884C2A0019E176 /* samagamsTests.m */; };
		D873C2AA19884FDD0019E176 /* iSangatSamagamViewController.m in Sources */ = {isa = PBXBuildFile; fileRef = D873C2A919884FDD0019E176 /* iSangatSamagamViewController.m */; };
		D873C2B219886B820019E176 /* TFHpple.m in Sources */ = {isa = PBXBuildFile; fileRef = D873C2AD19886B820019E176 /* TFHpple.m */; };
		D873C2B319886B820019E176 /* TFHppleElement.m in Sources */ = {isa = PBXBuildFile; fileRef = D873C2AF19886B820019E176 /* TFHppleElement.m */; };
		D873C2B419886B820019E176 /* XPathQuery.m in Sources */ = {isa = PBXBuildFile; fileRef = D873C2B119886B820019E176 /* XPathQuery.m */; };
		D873C2B619886CAC0019E176 /* libxml2.dylib in Frameworks */ = {isa = PBXBuildFile; fileRef = D873C2B519886CAC0019E176 /* libxml2.dylib */; };
		D873C2BE1992EC630019E176 /* MessageUI.framework in Frameworks */ = {isa = PBXBuildFile; fileRef = D873C2BD1992EC630019E176 /* MessageUI.framework */; };
		D873C2C11992F09E0019E176 /* iSangatRecordingsController.m in Sources */ = {isa = PBXBuildFile; fileRef = D873C2C01992F09E0019E176 /* iSangatRecordingsController.m */; };
/* End PBXBuildFile section */

/* Begin PBXContainerItemProxy section */
		D873C29619884C2A0019E176 /* PBXContainerItemProxy */ = {
			isa = PBXContainerItemProxy;
			containerPortal = D873C26E19884C2A0019E176 /* Project object */;
			proxyType = 1;
			remoteGlobalIDString = D873C27519884C2A0019E176;
			remoteInfo = samagams;
		};
/* End PBXContainerItemProxy section */

/* Begin PBXFileReference section */
		D8237B431AAD8B5400E9AB34 /* iSangatSamagam2.h */ = {isa = PBXFileReference; fileEncoding = 4; lastKnownFileType = sourcecode.c.h; path = iSangatSamagam2.h; sourceTree = "<group>"; };
		D8237B441AAD8B5400E9AB34 /* iSangatSamagam2.m */ = {isa = PBXFileReference; fileEncoding = 4; lastKnownFileType = sourcecode.c.objc; path = iSangatSamagam2.m; sourceTree = "<group>"; };
		D85B17341AB61F1E00883010 /* iSangatItemCell.xib */ = {isa = PBXFileReference; fileEncoding = 4; lastKnownFileType = file.xib; path = iSangatItemCell.xib; sourceTree = "<group>"; };
		D85B17361AB61F4700883010 /* iSangatItemCell.h */ = {isa = PBXFileReference; fileEncoding = 4; lastKnownFileType = sourcecode.c.h; path = iSangatItemCell.h; sourceTree = "<group>"; };
		D85B17371AB61F4800883010 /* iSangatItemCell.m */ = {isa = PBXFileReference; fileEncoding = 4; lastKnownFileType = sourcecode.c.objc; path = iSangatItemCell.m; sourceTree = "<group>"; };
		D85B17391AB63B1300883010 /* phone.png */ = {isa = PBXFileReference; lastKnownFileType = image.png; path = phone.png; sourceTree = "<group>"; };
		D85B173B1ABA919D00883010 /* iSangatSamagamViewController.h */ = {isa = PBXFileReference; fileEncoding = 4; lastKnownFileType = sourcecode.c.h; path = iSangatSamagamViewController.h; sourceTree = "<group>"; };
		D85B173C1ABA927C00883010 /* iSangatDetailViewController.h */ = {isa = PBXFileReference; fileEncoding = 4; lastKnownFileType = sourcecode.c.h; path = iSangatDetailViewController.h; sourceTree = "<group>"; };
		D85B173D1ABA927C00883010 /* iSangatDetailViewController.m */ = {isa = PBXFileReference; fileEncoding = 4; lastKnownFileType = sourcecode.c.objc; path = iSangatDetailViewController.m; sourceTree = "<group>"; };
		D85B173F1ABC9E5D00883010 /* iSangatNotificationManager.h */ = {isa = PBXFileReference; fileEncoding = 4; lastKnownFileType = sourcecode.c.h; path = iSangatNotificationManager.h; sourceTree = "<group>"; };
		D85B17401ABC9E5D00883010 /* iSangatNotificationManager.m */ = {isa = PBXFileReference; fileEncoding = 4; lastKnownFileType = sourcecode.c.objc; path = iSangatNotificationManager.m; sourceTree = "<group>"; };
		D873C27619884C2A0019E176 /* isangat.app */ = {isa = PBXFileReference; explicitFileType = wrapper.application; includeInIndex = 0; path = isangat.app; sourceTree = BUILT_PRODUCTS_DIR; };
		D873C27919884C2A0019E176 /* Foundation.framework */ = {isa = PBXFileReference; lastKnownFileType = wrapper.framework; name = Foundation.framework; path = System/Library/Frameworks/Foundation.framework; sourceTree = SDKROOT; };
		D873C27B19884C2A0019E176 /* CoreGraphics.framework */ = {isa = PBXFileReference; lastKnownFileType = wrapper.framework; name = CoreGraphics.framework; path = System/Library/Frameworks/CoreGraphics.framework; sourceTree = SDKROOT; };
		D873C27D19884C2A0019E176 /* UIKit.framework */ = {isa = PBXFileReference; lastKnownFileType = wrapper.framework; name = UIKit.framework; path = System/Library/Frameworks/UIKit.framework; sourceTree = SDKROOT; };
		D873C28119884C2A0019E176 /* isangat-Info.plist */ = {isa = PBXFileReference; lastKnownFileType = text.plist.xml; path = "isangat-Info.plist"; sourceTree = "<group>"; };
		D873C28319884C2A0019E176 /* en */ = {isa = PBXFileReference; lastKnownFileType = text.plist.strings; name = en; path = en.lproj/InfoPlist.strings; sourceTree = "<group>"; };
		D873C28519884C2A0019E176 /* main.m */ = {isa = PBXFileReference; lastKnownFileType = sourcecode.c.objc; path = main.m; sourceTree = "<group>"; };
		D873C28719884C2A0019E176 /* isangat-Prefix.pch */ = {isa = PBXFileReference; lastKnownFileType = sourcecode.c.h; path = "isangat-Prefix.pch"; sourceTree = "<group>"; };
		D873C28819884C2A0019E176 /* iSangatAppDelegate.h */ = {isa = PBXFileReference; lastKnownFileType = sourcecode.c.h; path = iSangatAppDelegate.h; sourceTree = "<group>"; };
		D873C28919884C2A0019E176 /* iSangatAppDelegate.m */ = {isa = PBXFileReference; lastKnownFileType = sourcecode.c.objc; path = iSangatAppDelegate.m; sourceTree = "<group>"; };
		D873C28B19884C2A0019E176 /* Images.xcassets */ = {isa = PBXFileReference; lastKnownFileType = folder.assetcatalog; path = Images.xcassets; sourceTree = "<group>"; };
		D873C29119884C2A0019E176 /* isangatTests.xctest */ = {isa = PBXFileReference; explicitFileType = wrapper.cfbundle; includeInIndex = 0; path = isangatTests.xctest; sourceTree = BUILT_PRODUCTS_DIR; };
		D873C29219884C2A0019E176 /* XCTest.framework */ = {isa = PBXFileReference; lastKnownFileType = wrapper.framework; name = XCTest.framework; path = Library/Frameworks/XCTest.framework; sourceTree = DEVELOPER_DIR; };
		D873C29A19884C2A0019E176 /* isangatTests-Info.plist */ = {isa = PBXFileReference; lastKnownFileType = text.plist.xml; path = "isangatTests-Info.plist"; sourceTree = "<group>"; };
		D873C29C19884C2A0019E176 /* en */ = {isa = PBXFileReference; lastKnownFileType = text.plist.strings; name = en; path = en.lproj/InfoPlist.strings; sourceTree = "<group>"; };
		D873C29E19884C2A0019E176 /* samagamsTests.m */ = {isa = PBXFileReference; lastKnownFileType = sourcecode.c.objc; path = samagamsTests.m; sourceTree = "<group>"; };
		D873C2A919884FDD0019E176 /* iSangatSamagamViewController.m */ = {isa = PBXFileReference; fileEncoding = 4; lastKnownFileType = sourcecode.c.objc; path = iSangatSamagamViewController.m; sourceTree = "<group>"; };
		D873C2AC19886B820019E176 /* TFHpple.h */ = {isa = PBXFileReference; fileEncoding = 4; lastKnownFileType = sourcecode.c.h; path = TFHpple.h; sourceTree = "<group>"; };
		D873C2AD19886B820019E176 /* TFHpple.m */ = {isa = PBXFileReference; fileEncoding = 4; lastKnownFileType = sourcecode.c.objc; path = TFHpple.m; sourceTree = "<group>"; };
		D873C2AE19886B820019E176 /* TFHppleElement.h */ = {isa = PBXFileReference; fileEncoding = 4; lastKnownFileType = sourcecode.c.h; path = TFHppleElement.h; sourceTree = "<group>"; };
		D873C2AF19886B820019E176 /* TFHppleElement.m */ = {isa = PBXFileReference; fileEncoding = 4; lastKnownFileType = sourcecode.c.objc; path = TFHppleElement.m; sourceTree = "<group>"; };
		D873C2B019886B820019E176 /* XPathQuery.h */ = {isa = PBXFileReference; fileEncoding = 4; lastKnownFileType = sourcecode.c.h; path = XPathQuery.h; sourceTree = "<group>"; };
		D873C2B119886B820019E176 /* XPathQuery.m */ = {isa = PBXFileReference; fileEncoding = 4; lastKnownFileType = sourcecode.c.objc; path = XPathQuery.m; sourceTree = "<group>"; };
		D873C2B519886CAC0019E176 /* libxml2.dylib */ = {isa = PBXFileReference; lastKnownFileType = "compiled.mach-o.dylib"; name = libxml2.dylib; path = usr/lib/libxml2.dylib; sourceTree = SDKROOT; };
		D873C2BD1992EC630019E176 /* MessageUI.framework */ = {isa = PBXFileReference; lastKnownFileType = wrapper.framework; name = MessageUI.framework; path = System/Library/Frameworks/MessageUI.framework; sourceTree = SDKROOT; };
		D873C2BF1992F09E0019E176 /* iSangatRecordingsController.h */ = {isa = PBXFileReference; fileEncoding = 4; lastKnownFileType = sourcecode.c.h; path = iSangatRecordingsController.h; sourceTree = "<group>"; };
		D873C2C01992F09E0019E176 /* iSangatRecordingsController.m */ = {isa = PBXFileReference; fileEncoding = 4; lastKnownFileType = sourcecode.c.objc; path = iSangatRecordingsController.m; sourceTree = "<group>"; };
/* End PBXFileReference section */

/* Begin PBXFrameworksBuildPhase section */
		D873C27319884C2A0019E176 /* Frameworks */ = {
			isa = PBXFrameworksBuildPhase;
			buildActionMask = 2147483647;
			files = (
				D873C2BE1992EC630019E176 /* MessageUI.framework in Frameworks */,
				D873C2B619886CAC0019E176 /* libxml2.dylib in Frameworks */,
				D873C27C19884C2A0019E176 /* CoreGraphics.framework in Frameworks */,
				D873C27E19884C2A0019E176 /* UIKit.framework in Frameworks */,
				D873C27A19884C2A0019E176 /* Foundation.framework in Frameworks */,
			);
			runOnlyForDeploymentPostprocessing = 0;
		};
		D873C28E19884C2A0019E176 /* Frameworks */ = {
			isa = PBXFrameworksBuildPhase;
			buildActionMask = 2147483647;
			files = (
				D873C29319884C2A0019E176 /* XCTest.framework in Frameworks */,
				D873C29519884C2A0019E176 /* UIKit.framework in Frameworks */,
				D873C29419884C2A0019E176 /* Foundation.framework in Frameworks */,
			);
			runOnlyForDeploymentPostprocessing = 0;
		};
/* End PBXFrameworksBuildPhase section */

/* Begin PBXGroup section */
		D873C26D19884C2A0019E176 = {
			isa = PBXGroup;
			children = (
				D873C2AB19886B110019E176 /* hpple */,
				D873C27F19884C2A0019E176 /* samagams */,
				D873C29819884C2A0019E176 /* samagamsTests */,
				D873C27819884C2A0019E176 /* Frameworks */,
				D873C27719884C2A0019E176 /* Products */,
			);
			sourceTree = "<group>";
		};
		D873C27719884C2A0019E176 /* Products */ = {
			isa = PBXGroup;
			children = (
				D873C27619884C2A0019E176 /* isangat.app */,
				D873C29119884C2A0019E176 /* isangatTests.xctest */,
			);
			name = Products;
			sourceTree = "<group>";
		};
		D873C27819884C2A0019E176 /* Frameworks */ = {
			isa = PBXGroup;
			children = (
				D873C2BD1992EC630019E176 /* MessageUI.framework */,
				D873C2B519886CAC0019E176 /* libxml2.dylib */,
				D873C27919884C2A0019E176 /* Foundation.framework */,
				D873C27B19884C2A0019E176 /* CoreGraphics.framework */,
				D873C27D19884C2A0019E176 /* UIKit.framework */,
				D873C29219884C2A0019E176 /* XCTest.framework */,
			);
			name = Frameworks;
			sourceTree = "<group>";
		};
		D873C27F19884C2A0019E176 /* samagams */ = {
			isa = PBXGroup;
			children = (
				D85B173C1ABA927C00883010 /* iSangatDetailViewController.h */,
				D85B173D1ABA927C00883010 /* iSangatDetailViewController.m */,
				D85B17391AB63B1300883010 /* phone.png */,
				D873C28819884C2A0019E176 /* iSangatAppDelegate.h */,
				D873C28919884C2A0019E176 /* iSangatAppDelegate.m */,
				D873C28B19884C2A0019E176 /* Images.xcassets */,
				D873C28019884C2A0019E176 /* Supporting Files */,
				D873C2A919884FDD0019E176 /* iSangatSamagamViewController.m */,
				D85B173B1ABA919D00883010 /* iSangatSamagamViewController.h */,
				D873C2BF1992F09E0019E176 /* iSangatRecordingsController.h */,
				D873C2C01992F09E0019E176 /* iSangatRecordingsController.m */,
				D8237B431AAD8B5400E9AB34 /* iSangatSamagam2.h */,
				D8237B441AAD8B5400E9AB34 /* iSangatSamagam2.m */,
				D85B17341AB61F1E00883010 /* iSangatItemCell.xib */,
				D85B17361AB61F4700883010 /* iSangatItemCell.h */,
				D85B17371AB61F4800883010 /* iSangatItemCell.m */,
				D85B173F1ABC9E5D00883010 /* iSangatNotificationManager.h */,
				D85B17401ABC9E5D00883010 /* iSangatNotificationManager.m */,
			);
			path = samagams;
			sourceTree = "<group>";
		};
		D873C28019884C2A0019E176 /* Supporting Files */ = {
			isa = PBXGroup;
			children = (
				D873C28119884C2A0019E176 /* isangat-Info.plist */,
				D873C28219884C2A0019E176 /* InfoPlist.strings */,
				D873C28519884C2A0019E176 /* main.m */,
				D873C28719884C2A0019E176 /* isangat-Prefix.pch */,
			);
			name = "Supporting Files";
			sourceTree = "<group>";
		};
		D873C29819884C2A0019E176 /* samagamsTests */ = {
			isa = PBXGroup;
			children = (
				D873C29E19884C2A0019E176 /* samagamsTests.m */,
				D873C29919884C2A0019E176 /* Supporting Files */,
			);
			path = samagamsTests;
			sourceTree = "<group>";
		};
		D873C29919884C2A0019E176 /* Supporting Files */ = {
			isa = PBXGroup;
			children = (
				D873C29A19884C2A0019E176 /* isangatTests-Info.plist */,
				D873C29B19884C2A0019E176 /* InfoPlist.strings */,
			);
			name = "Supporting Files";
			sourceTree = "<group>";
		};
		D873C2AB19886B110019E176 /* hpple */ = {
			isa = PBXGroup;
			children = (
				D873C2AC19886B820019E176 /* TFHpple.h */,
				D873C2AD19886B820019E176 /* TFHpple.m */,
				D873C2AE19886B820019E176 /* TFHppleElement.h */,
				D873C2AF19886B820019E176 /* TFHppleElement.m */,
				D873C2B019886B820019E176 /* XPathQuery.h */,
				D873C2B119886B820019E176 /* XPathQuery.m */,
			);
			name = hpple;
			sourceTree = "<group>";
		};
/* End PBXGroup section */

/* Begin PBXNativeTarget section */
		D873C27519884C2A0019E176 /* isangat */ = {
			isa = PBXNativeTarget;
			buildConfigurationList = D873C2A219884C2A0019E176 /* Build configuration list for PBXNativeTarget "isangat" */;
			buildPhases = (
				D873C27219884C2A0019E176 /* Sources */,
				D873C27319884C2A0019E176 /* Frameworks */,
				D873C27419884C2A0019E176 /* Resources */,
			);
			buildRules = (
			);
			dependencies = (
			);
			name = isangat;
			productName = samagams;
			productReference = D873C27619884C2A0019E176 /* isangat.app */;
			productType = "com.apple.product-type.application";
		};
		D873C29019884C2A0019E176 /* isangatTests */ = {
			isa = PBXNativeTarget;
			buildConfigurationList = D873C2A519884C2A0019E176 /* Build configuration list for PBXNativeTarget "isangatTests" */;
			buildPhases = (
				D873C28D19884C2A0019E176 /* Sources */,
				D873C28E19884C2A0019E176 /* Frameworks */,
				D873C28F19884C2A0019E176 /* Resources */,
			);
			buildRules = (
			);
			dependencies = (
				D873C29719884C2A0019E176 /* PBXTargetDependency */,
			);
			name = isangatTests;
			productName = samagamsTests;
			productReference = D873C29119884C2A0019E176 /* isangatTests.xctest */;
			productType = "com.apple.product-type.bundle.unit-test";
		};
/* End PBXNativeTarget section */

/* Begin PBXProject section */
		D873C26E19884C2A0019E176 /* Project object */ = {
			isa = PBXProject;
			attributes = {
				CLASSPREFIX = iSangat;
				LastUpgradeCheck = 0500;
				ORGANIZATIONNAME = isangat;
				TargetAttributes = {
					D873C29019884C2A0019E176 = {
						TestTargetID = D873C27519884C2A0019E176;
					};
				};
			};
			buildConfigurationList = D873C27119884C2A0019E176 /* Build configuration list for PBXProject "isangat" */;
			compatibilityVersion = "Xcode 3.2";
			developmentRegion = English;
			hasScannedForEncodings = 0;
			knownRegions = (
				en,
			);
			mainGroup = D873C26D19884C2A0019E176;
			productRefGroup = D873C27719884C2A0019E176 /* Products */;
			projectDirPath = "";
			projectRoot = "";
			targets = (
				D873C27519884C2A0019E176 /* isangat */,
				D873C29019884C2A0019E176 /* isangatTests */,
			);
		};
/* End PBXProject section */

/* Begin PBXResourcesBuildPhase section */
		D873C27419884C2A0019E176 /* Resources */ = {
			isa = PBXResourcesBuildPhase;
			buildActionMask = 2147483647;
			files = (
				D873C28419884C2A0019E176 /* InfoPlist.strings in Resources */,
				D873C28C19884C2A0019E176 /* Images.xcassets in Resources */,
				D85B173A1AB63B1300883010 /* phone.png in Resources */,
				D85B17351AB61F1E00883010 /* iSangatItemCell.xib in Resources */,
			);
			runOnlyForDeploymentPostprocessing = 0;
		};
		D873C28F19884C2A0019E176 /* Resources */ = {
			isa = PBXResourcesBuildPhase;
			buildActionMask = 2147483647;
			files = (
				D873C29D19884C2A0019E176 /* InfoPlist.strings in Resources */,
			);
			runOnlyForDeploymentPostprocessing = 0;
		};
/* End PBXResourcesBuildPhase section */

/* Begin PBXSourcesBuildPhase section */
		D873C27219884C2A0019E176 /* Sources */ = {
			isa = PBXSourcesBuildPhase;
			buildActionMask = 2147483647;
			files = (
				D873C28A19884C2A0019E176 /* iSangatAppDelegate.m in Sources */,
				D873C2C11992F09E0019E176 /* iSangatRecordingsController.m in Sources */,
				D873C28619884C2A0019E176 /* main.m in Sources */,
				D85B173E1ABA927C00883010 /* iSangatDetailViewController.m in Sources */,
				D85B17381AB61F4800883010 /* iSangatItemCell.m in Sources */,
				D85B17411ABC9E5D00883010 /* iSangatNotificationManager.m in Sources */,
				D873C2AA19884FDD0019E176 /* iSangatSamagamViewController.m in Sources */,
				D8237B451AAD8B5400E9AB34 /* iSangatSamagam2.m in Sources */,
				D873C2B219886B820019E176 /* TFHpple.m in Sources */,
				D873C2B419886B820019E176 /* XPathQuery.m in Sources */,
				D873C2B319886B820019E176 /* TFHppleElement.m in Sources */,
			);
			runOnlyForDeploymentPostprocessing = 0;
		};
		D873C28D19884C2A0019E176 /* Sources */ = {
			isa = PBXSourcesBuildPhase;
			buildActionMask = 2147483647;
			files = (
				D873C29F19884C2A0019E176 /* samagamsTests.m in Sources */,
			);
			runOnlyForDeploymentPostprocessing = 0;
		};
/* End PBXSourcesBuildPhase section */

/* Begin PBXTargetDependency section */
		D873C29719884C2A0019E176 /* PBXTargetDependency */ = {
			isa = PBXTargetDependency;
			target = D873C27519884C2A0019E176 /* isangat */;
			targetProxy = D873C29619884C2A0019E176 /* PBXContainerItemProxy */;
		};
/* End PBXTargetDependency section */

/* Begin PBXVariantGroup section */
		D873C28219884C2A0019E176 /* InfoPlist.strings */ = {
			isa = PBXVariantGroup;
			children = (
				D873C28319884C2A0019E176 /* en */,
			);
			name = InfoPlist.strings;
			sourceTree = "<group>";
		};
		D873C29B19884C2A0019E176 /* InfoPlist.strings */ = {
			isa = PBXVariantGroup;
			children = (
				D873C29C19884C2A0019E176 /* en */,
			);
			name = InfoPlist.strings;
			sourceTree = "<group>";
		};
/* End PBXVariantGroup section */

/* Begin XCBuildConfiguration section */
		D873C2A019884C2A0019E176 /* Debug */ = {
			isa = XCBuildConfiguration;
			buildSettings = {
				ALWAYS_SEARCH_USER_PATHS = NO;
				ARCHS = "$(ARCHS_STANDARD_INCLUDING_64_BIT)";
				CLANG_CXX_LANGUAGE_STANDARD = "gnu++0x";
				CLANG_CXX_LIBRARY = "libc++";
				CLANG_ENABLE_MODULES = YES;
				CLANG_ENABLE_OBJC_ARC = YES;
				CLANG_WARN_BOOL_CONVERSION = YES;
				CLANG_WARN_CONSTANT_CONVERSION = YES;
				CLANG_WARN_DIRECT_OBJC_ISA_USAGE = YES_ERROR;
				CLANG_WARN_EMPTY_BODY = YES;
				CLANG_WARN_ENUM_CONVERSION = YES;
				CLANG_WARN_INT_CONVERSION = YES;
				CLANG_WARN_OBJC_ROOT_CLASS = YES_ERROR;
				CLANG_WARN__DUPLICATE_METHOD_MATCH = YES;
				"CODE_SIGN_IDENTITY[sdk=iphoneos*]" = "iPhone Developer";
				COPY_PHASE_STRIP = NO;
				GCC_C_LANGUAGE_STANDARD = gnu99;
				GCC_DYNAMIC_NO_PIC = NO;
				GCC_OPTIMIZATION_LEVEL = 0;
				GCC_PREPROCESSOR_DEFINITIONS = (
					"DEBUG=1",
					"$(inherited)",
				);
				GCC_SYMBOLS_PRIVATE_EXTERN = NO;
				GCC_WARN_64_TO_32_BIT_CONVERSION = YES;
				GCC_WARN_ABOUT_RETURN_TYPE = YES_ERROR;
				GCC_WARN_UNDECLARED_SELECTOR = YES;
				GCC_WARN_UNINITIALIZED_AUTOS = YES;
				GCC_WARN_UNUSED_FUNCTION = YES;
				GCC_WARN_UNUSED_VARIABLE = YES;
				IPHONEOS_DEPLOYMENT_TARGET = 7.0;
				ONLY_ACTIVE_ARCH = YES;
				SDKROOT = iphoneos;
				TARGETED_DEVICE_FAMILY = "1,2";
			};
			name = Debug;
		};
		D873C2A119884C2A0019E176 /* Release */ = {
			isa = XCBuildConfiguration;
			buildSettings = {
				ALWAYS_SEARCH_USER_PATHS = NO;
				ARCHS = "$(ARCHS_STANDARD_INCLUDING_64_BIT)";
				CLANG_CXX_LANGUAGE_STANDARD = "gnu++0x";
				CLANG_CXX_LIBRARY = "libc++";
				CLANG_ENABLE_MODULES = YES;
				CLANG_ENABLE_OBJC_ARC = YES;
				CLANG_WARN_BOOL_CONVERSION = YES;
				CLANG_WARN_CONSTANT_CONVERSION = YES;
				CLANG_WARN_DIRECT_OBJC_ISA_USAGE = YES_ERROR;
				CLANG_WARN_EMPTY_BODY = YES;
				CLANG_WARN_ENUM_CONVERSION = YES;
				CLANG_WARN_INT_CONVERSION = YES;
				CLANG_WARN_OBJC_ROOT_CLASS = YES_ERROR;
				CLANG_WARN__DUPLICATE_METHOD_MATCH = YES;
				"CODE_SIGN_IDENTITY[sdk=iphoneos*]" = "iPhone Developer";
				COPY_PHASE_STRIP = YES;
				ENABLE_NS_ASSERTIONS = NO;
				GCC_C_LANGUAGE_STANDARD = gnu99;
				GCC_WARN_64_TO_32_BIT_CONVERSION = YES;
				GCC_WARN_ABOUT_RETURN_TYPE = YES_ERROR;
				GCC_WARN_UNDECLARED_SELECTOR = YES;
				GCC_WARN_UNINITIALIZED_AUTOS = YES;
				GCC_WARN_UNUSED_FUNCTION = YES;
				GCC_WARN_UNUSED_VARIABLE = YES;
				IPHONEOS_DEPLOYMENT_TARGET = 7.0;
				SDKROOT = iphoneos;
				TARGETED_DEVICE_FAMILY = "1,2";
				VALIDATE_PRODUCT = YES;
			};
			name = Release;
		};
		D873C2A319884C2A0019E176 /* Debug */ = {
			isa = XCBuildConfiguration;
			buildSettings = {
				ASSETCATALOG_COMPILER_APPICON_NAME = AppIcon;
				ASSETCATALOG_COMPILER_LAUNCHIMAGE_NAME = LaunchImage;
				GCC_PRECOMPILE_PREFIX_HEADER = YES;
				GCC_PREFIX_HEADER = "samagams/isangat-Prefix.pch";
				"HEADER_SEARCH_PATHS[arch=*]" = (
					"$(inherited)",
					/Applications/Xcode.app/Contents/Developer/Toolchains/XcodeDefault.xctoolchain/usr/include,
					"$(SDKROOT)/usr/include/libxml2",
				);
				INFOPLIST_FILE = "samagams/isangat-Info.plist";
				PRODUCT_NAME = isangat;
				WRAPPER_EXTENSION = app;
			};
			name = Debug;
		};
		D873C2A419884C2A0019E176 /* Release */ = {
			isa = XCBuildConfiguration;
			buildSettings = {
				ASSETCATALOG_COMPILER_APPICON_NAME = AppIcon;
				ASSETCATALOG_COMPILER_LAUNCHIMAGE_NAME = LaunchImage;
				GCC_PRECOMPILE_PREFIX_HEADER = YES;
				GCC_PREFIX_HEADER = "samagams/isangat-Prefix.pch";
				"HEADER_SEARCH_PATHS[arch=*]" = (
					"$(inherited)",
					/Applications/Xcode.app/Contents/Developer/Toolchains/XcodeDefault.xctoolchain/usr/include,
					"$(SDKROOT)/usr/include/libxml2",
				);
				INFOPLIST_FILE = "samagams/isangat-Info.plist";
				PRODUCT_NAME = isangat;
				WRAPPER_EXTENSION = app;
			};
			name = Release;
		};
		D873C2A619884C2A0019E176 /* Debug */ = {
			isa = XCBuildConfiguration;
			buildSettings = {
				ARCHS = "$(ARCHS_STANDARD_INCLUDING_64_BIT)";
				BUNDLE_LOADER = "$(BUILT_PRODUCTS_DIR)/samagams.app/samagams";
				FRAMEWORK_SEARCH_PATHS = (
					"$(SDKROOT)/Developer/Library/Frameworks",
					"$(inherited)",
					"$(DEVELOPER_FRAMEWORKS_DIR)",
				);
				GCC_PRECOMPILE_PREFIX_HEADER = YES;
				GCC_PREFIX_HEADER = "samagams/samagams-Prefix.pch";
				GCC_PREPROCESSOR_DEFINITIONS = (
					"DEBUG=1",
					"$(inherited)",
				);
				INFOPLIST_FILE = "samagamsTests/isangatTests-Info.plist";
				PRODUCT_NAME = isangatTests;
				TEST_HOST = "$(BUNDLE_LOADER)";
				WRAPPER_EXTENSION = xctest;
			};
			name = Debug;
		};
		D873C2A719884C2A0019E176 /* Release */ = {
			isa = XCBuildConfiguration;
			buildSettings = {
				ARCHS = "$(ARCHS_STANDARD_INCLUDING_64_BIT)";
				BUNDLE_LOADER = "$(BUILT_PRODUCTS_DIR)/samagams.app/samagams";
				FRAMEWORK_SEARCH_PATHS = (
					"$(SDKROOT)/Developer/Library/Frameworks",
					"$(inherited)",
					"$(DEVELOPER_FRAMEWORKS_DIR)",
				);
				GCC_PRECOMPILE_PREFIX_HEADER = YES;
				GCC_PREFIX_HEADER = "samagams/samagams-Prefix.pch";
				INFOPLIST_FILE = "samagamsTests/isangatTests-Info.plist";
				PRODUCT_NAME = isangatTests;
				TEST_HOST = "$(BUNDLE_LOADER)";
				WRAPPER_EXTENSION = xctest;
			};
			name = Release;
		};
/* End XCBuildConfiguration section */

/* Begin XCConfigurationList section */
		D873C27119884C2A0019E176 /* Build configuration list for PBXProject "isangat" */ = {
			isa = XCConfigurationList;
			buildConfigurations = (
				D873C2A019884C2A0019E176 /* Debug */,
				D873C2A119884C2A0019E176 /* Release */,
			);
			defaultConfigurationIsVisible = 0;
			defaultConfigurationName = Release;
		};
		D873C2A219884C2A0019E176 /* Build configuration list for PBXNativeTarget "isangat" */ = {
			isa = XCConfigurationList;
			buildConfigurations = (
				D873C2A319884C2A0019E176 /* Debug */,
				D873C2A419884C2A0019E176 /* Release */,
			);
			defaultConfigurationIsVisible = 0;
			defaultConfigurationName = Release;
		};
		D873C2A519884C2A0019E176 /* Build configuration list for PBXNativeTarget "isangatTests" */ = {
			isa = XCConfigurationList;
			buildConfigurations = (
				D873C2A619884C2A0019E176 /* Debug */,
				D873C2A719884C2A0019E176 /* Release */,
			);
			defaultConfigurationIsVisible = 0;
			defaultConfigurationName = Release;
		};
/* End XCConfigurationList section */
	};
	rootObject = D873C26E19884C2A0019E176 /* Project object */;
}
